// !$*UTF8*$!
{
	archiveVersion = 1;
	classes = {
	};
	objectVersion = 50;
	objects = {

/* Begin PBXBuildFile section */
		CB4DAF4E26211E8900452FFA /* DataModel.xcdatamodeld in Sources */ = {isa = PBXBuildFile; fileRef = CB4DAF4C26211E8900452FFA /* DataModel.xcdatamodeld */; };
		CB7C1797261B9BEC0024C93F /* AppDelegate.swift in Sources */ = {isa = PBXBuildFile; fileRef = CB7C1796261B9BEC0024C93F /* AppDelegate.swift */; };
		CB7C1799261B9BEC0024C93F /* SceneDelegate.swift in Sources */ = {isa = PBXBuildFile; fileRef = CB7C1798261B9BEC0024C93F /* SceneDelegate.swift */; };
		CB7C179B261B9BEC0024C93F /* TodoListViewController.swift in Sources */ = {isa = PBXBuildFile; fileRef = CB7C179A261B9BEC0024C93F /* TodoListViewController.swift */; };
		CB7C179E261B9BEC0024C93F /* Main.storyboard in Resources */ = {isa = PBXBuildFile; fileRef = CB7C179C261B9BEC0024C93F /* Main.storyboard */; };
		CB7C17A0261B9BED0024C93F /* Assets.xcassets in Resources */ = {isa = PBXBuildFile; fileRef = CB7C179F261B9BED0024C93F /* Assets.xcassets */; };
		CB7C17A3261B9BED0024C93F /* LaunchScreen.storyboard in Resources */ = {isa = PBXBuildFile; fileRef = CB7C17A1261B9BED0024C93F /* LaunchScreen.storyboard */; };
/* End PBXBuildFile section */

/* Begin PBXFileReference section */
		CB4DAF4D26211E8900452FFA /* DataModel.xcdatamodel */ = {isa = PBXFileReference; lastKnownFileType = wrapper.xcdatamodel; path = DataModel.xcdatamodel; sourceTree = "<group>"; };
		CB7C1793261B9BEC0024C93F /* Todo.app */ = {isa = PBXFileReference; explicitFileType = wrapper.application; includeInIndex = 0; path = Todo.app; sourceTree = BUILT_PRODUCTS_DIR; };
		CB7C1796261B9BEC0024C93F /* AppDelegate.swift */ = {isa = PBXFileReference; lastKnownFileType = sourcecode.swift; path = AppDelegate.swift; sourceTree = "<group>"; };
		CB7C1798261B9BEC0024C93F /* SceneDelegate.swift */ = {isa = PBXFileReference; lastKnownFileType = sourcecode.swift; path = SceneDelegate.swift; sourceTree = "<group>"; };
		CB7C179A261B9BEC0024C93F /* TodoListViewController.swift */ = {isa = PBXFileReference; lastKnownFileType = sourcecode.swift; path = TodoListViewController.swift; sourceTree = "<group>"; };
		CB7C179D261B9BEC0024C93F /* Base */ = {isa = PBXFileReference; lastKnownFileType = file.storyboard; name = Base; path = Base.lproj/Main.storyboard; sourceTree = "<group>"; };
		CB7C179F261B9BED0024C93F /* Assets.xcassets */ = {isa = PBXFileReference; lastKnownFileType = folder.assetcatalog; path = Assets.xcassets; sourceTree = "<group>"; };
		CB7C17A2261B9BED0024C93F /* Base */ = {isa = PBXFileReference; lastKnownFileType = file.storyboard; name = Base; path = Base.lproj/LaunchScreen.storyboard; sourceTree = "<group>"; };
		CB7C17A4261B9BED0024C93F /* Info.plist */ = {isa = PBXFileReference; lastKnownFileType = text.plist.xml; path = Info.plist; sourceTree = "<group>"; };
/* End PBXFileReference section */

/* Begin PBXFrameworksBuildPhase section */
		CB7C1790261B9BEC0024C93F /* Frameworks */ = {
			isa = PBXFrameworksBuildPhase;
			buildActionMask = 2147483647;
			files = (
			);
			runOnlyForDeploymentPostprocessing = 0;
		};
/* End PBXFrameworksBuildPhase section */

/* Begin PBXGroup section */
		CB4E73AB261F923400C61AB7 /* Data Model */ = {
			isa = PBXGroup;
			children = (
				CB4DAF4C26211E8900452FFA /* DataModel.xcdatamodeld */,
			);
			path = "Data Model";
			sourceTree = "<group>";
		};
		CB4E73B5261F952000C61AB7 /* Controllers */ = {
			isa = PBXGroup;
			children = (
				CB7C179A261B9BEC0024C93F /* TodoListViewController.swift */,
			);
			path = Controllers;
			sourceTree = "<group>";
		};
		CB4E73B8261F953300C61AB7 /* Views */ = {
			isa = PBXGroup;
			children = (
				CB7C179C261B9BEC0024C93F /* Main.storyboard */,
			);
			path = Views;
			sourceTree = "<group>";
		};
		CB4E73B9261F958000C61AB7 /* Supporting Files */ = {
			isa = PBXGroup;
			children = (
				CB7C179F261B9BED0024C93F /* Assets.xcassets */,
				CB7C17A1261B9BED0024C93F /* LaunchScreen.storyboard */,
			);
			path = "Supporting Files";
			sourceTree = "<group>";
		};
		CB7C178A261B9BEC0024C93F = {
			isa = PBXGroup;
			children = (
				CB7C1795261B9BEC0024C93F /* Todo */,
				CB7C1794261B9BEC0024C93F /* Products */,
			);
			sourceTree = "<group>";
		};
		CB7C1794261B9BEC0024C93F /* Products */ = {
			isa = PBXGroup;
			children = (
				CB7C1793261B9BEC0024C93F /* Todo.app */,
			);
			name = Products;
			sourceTree = "<group>";
		};
		CB7C1795261B9BEC0024C93F /* Todo */ = {
			isa = PBXGroup;
			children = (
				CB7C1796261B9BEC0024C93F /* AppDelegate.swift */,
				CB7C1798261B9BEC0024C93F /* SceneDelegate.swift */,
				CB4E73AB261F923400C61AB7 /* Data Model */,
				CB4E73B5261F952000C61AB7 /* Controllers */,
				CB4E73B8261F953300C61AB7 /* Views */,
				CB4E73B9261F958000C61AB7 /* Supporting Files */,
				CB7C17A4261B9BED0024C93F /* Info.plist */,
			);
			path = Todo;
			sourceTree = "<group>";
		};
/* End PBXGroup section */

/* Begin PBXNativeTarget section */
		CB7C1792261B9BEC0024C93F /* Todo */ = {
			isa = PBXNativeTarget;
			buildConfigurationList = CB7C17A7261B9BED0024C93F /* Build configuration list for PBXNativeTarget "Todo" */;
			buildPhases = (
				CB7C178F261B9BEC0024C93F /* Sources */,
				CB7C1790261B9BEC0024C93F /* Frameworks */,
				CB7C1791261B9BEC0024C93F /* Resources */,
			);
			buildRules = (
			);
			dependencies = (
			);
			name = Todo;
			productName = Todo;
			productReference = CB7C1793261B9BEC0024C93F /* Todo.app */;
			productType = "com.apple.product-type.application";
		};
/* End PBXNativeTarget section */

/* Begin PBXProject section */
		CB7C178B261B9BEC0024C93F /* Project object */ = {
			isa = PBXProject;
			attributes = {
				LastSwiftUpdateCheck = 1240;
				LastUpgradeCheck = 1240;
				TargetAttributes = {
					CB7C1792261B9BEC0024C93F = {
						CreatedOnToolsVersion = 12.4;
					};
				};
			};
			buildConfigurationList = CB7C178E261B9BEC0024C93F /* Build configuration list for PBXProject "Todo" */;
			compatibilityVersion = "Xcode 9.3";
			developmentRegion = en;
			hasScannedForEncodings = 0;
			knownRegions = (
				en,
				Base,
			);
			mainGroup = CB7C178A261B9BEC0024C93F;
			productRefGroup = CB7C1794261B9BEC0024C93F /* Products */;
			projectDirPath = "";
			projectRoot = "";
			targets = (
				CB7C1792261B9BEC0024C93F /* Todo */,
			);
		};
/* End PBXProject section */

/* Begin PBXResourcesBuildPhase section */
		CB7C1791261B9BEC0024C93F /* Resources */ = {
			isa = PBXResourcesBuildPhase;
			buildActionMask = 2147483647;
			files = (
				CB7C17A3261B9BED0024C93F /* LaunchScreen.storyboard in Resources */,
				CB7C17A0261B9BED0024C93F /* Assets.xcassets in Resources */,
				CB7C179E261B9BEC0024C93F /* Main.storyboard in Resources */,
			);
			runOnlyForDeploymentPostprocessing = 0;
		};
/* End PBXResourcesBuildPhase section */

/* Begin PBXSourcesBuildPhase section */
		CB7C178F261B9BEC0024C93F /* Sources */ = {
			isa = PBXSourcesBuildPhase;
			buildActionMask = 2147483647;
			files = (
				CB4DAF4E26211E8900452FFA /* DataModel.xcdatamodeld in Sources */,
				CB7C179B261B9BEC0024C93F /* TodoListViewController.swift in Sources */,
				CB7C1797261B9BEC0024C93F /* AppDelegate.swift in Sources */,
				CB7C1799261B9BEC0024C93F /* SceneDelegate.swift in Sources */,
			);
			runOnlyForDeploymentPostprocessing = 0;
		};
/* End PBXSourcesBuildPhase section */

/* Begin PBXVariantGroup section */
		CB7C179C261B9BEC0024C93F /* Main.storyboard */ = {
			isa = PBXVariantGroup;
			children = (
				CB7C179D261B9BEC0024C93F /* Base */,
			);
			name = Main.storyboard;
			sourceTree = "<group>";
		};
		CB7C17A1261B9BED0024C93F /* LaunchScreen.storyboard */ = {
			isa = PBXVariantGroup;
			children = (
				CB7C17A2261B9BED0024C93F /* Base */,
			);
			name = LaunchScreen.storyboard;
			sourceTree = "<group>";
		};
/* End PBXVariantGroup section */

/* Begin XCBuildConfiguration section */
		CB7C17A5261B9BED0024C93F /* Debug */ = {
			isa = XCBuildConfiguration;
			buildSettings = {
				ALWAYS_SEARCH_USER_PATHS = NO;
				CLANG_ANALYZER_NONNULL = YES;
				CLANG_ANALYZER_NUMBER_OBJECT_CONVERSION = YES_AGGRESSIVE;
				CLANG_CXX_LANGUAGE_STANDARD = "gnu++14";
				CLANG_CXX_LIBRARY = "libc++";
				CLANG_ENABLE_MODULES = YES;
				CLANG_ENABLE_OBJC_ARC = YES;
				CLANG_ENABLE_OBJC_WEAK = YES;
				CLANG_WARN_BLOCK_CAPTURE_AUTORELEASING = YES;
				CLANG_WARN_BOOL_CONVERSION = YES;
				CLANG_WARN_COMMA = YES;
				CLANG_WARN_CONSTANT_CONVERSION = YES;
				CLANG_WARN_DEPRECATED_OBJC_IMPLEMENTATIONS = YES;
				CLANG_WARN_DIRECT_OBJC_ISA_USAGE = YES_ERROR;
				CLANG_WARN_DOCUMENTATION_COMMENTS = YES;
				CLANG_WARN_EMPTY_BODY = YES;
				CLANG_WARN_ENUM_CONVERSION = YES;
				CLANG_WARN_INFINITE_RECURSION = YES;
				CLANG_WARN_INT_CONVERSION = YES;
				CLANG_WARN_NON_LITERAL_NULL_CONVERSION = YES;
				CLANG_WARN_OBJC_IMPLICIT_RETAIN_SELF = YES;
				CLANG_WARN_OBJC_LITERAL_CONVERSION = YES;
				CLANG_WARN_OBJC_ROOT_CLASS = YES_ERROR;
				CLANG_WARN_QUOTED_INCLUDE_IN_FRAMEWORK_HEADER = YES;
				CLANG_WARN_RANGE_LOOP_ANALYSIS = YES;
				CLANG_WARN_STRICT_PROTOTYPES = YES;
				CLANG_WARN_SUSPICIOUS_MOVE = YES;
				CLANG_WARN_UNGUARDED_AVAILABILITY = YES_AGGRESSIVE;
				CLANG_WARN_UNREACHABLE_CODE = YES;
				CLANG_WARN__DUPLICATE_METHOD_MATCH = YES;
				COPY_PHASE_STRIP = NO;
				DEBUG_INFORMATION_FORMAT = dwarf;
				ENABLE_STRICT_OBJC_MSGSEND = YES;
				ENABLE_TESTABILITY = YES;
				GCC_C_LANGUAGE_STANDARD = gnu11;
				GCC_DYNAMIC_NO_PIC = NO;
				GCC_NO_COMMON_BLOCKS = YES;
				GCC_OPTIMIZATION_LEVEL = 0;
				GCC_PREPROCESSOR_DEFINITIONS = (
					"DEBUG=1",
					"$(inherited)",
				);
				GCC_WARN_64_TO_32_BIT_CONVERSION = YES;
				GCC_WARN_ABOUT_RETURN_TYPE = YES_ERROR;
				GCC_WARN_UNDECLARED_SELECTOR = YES;
				GCC_WARN_UNINITIALIZED_AUTOS = YES_AGGRESSIVE;
				GCC_WARN_UNUSED_FUNCTION = YES;
				GCC_WARN_UNUSED_VARIABLE = YES;
				IPHONEOS_DEPLOYMENT_TARGET = 14.4;
				MTL_ENABLE_DEBUG_INFO = INCLUDE_SOURCE;
				MTL_FAST_MATH = YES;
				ONLY_ACTIVE_ARCH = YES;
				SDKROOT = iphoneos;
				SWIFT_ACTIVE_COMPILATION_CONDITIONS = DEBUG;
				SWIFT_OPTIMIZATION_LEVEL = "-Onone";
			};
			name = Debug;
		};
		CB7C17A6261B9BED0024C93F /* Release */ = {
			isa = XCBuildConfiguration;
			buildSettings = {
				ALWAYS_SEARCH_USER_PATHS = NO;
				CLANG_ANALYZER_NONNULL = YES;
				CLANG_ANALYZER_NUMBER_OBJECT_CONVERSION = YES_AGGRESSIVE;
				CLANG_CXX_LANGUAGE_STANDARD = "gnu++14";
				CLANG_CXX_LIBRARY = "libc++";
				CLANG_ENABLE_MODULES = YES;
				CLANG_ENABLE_OBJC_ARC = YES;
				CLANG_ENABLE_OBJC_WEAK = YES;
				CLANG_WARN_BLOCK_CAPTURE_AUTORELEASING = YES;
				CLANG_WARN_BOOL_CONVERSION = YES;
				CLANG_WARN_COMMA = YES;
				CLANG_WARN_CONSTANT_CONVERSION = YES;
				CLANG_WARN_DEPRECATED_OBJC_IMPLEMENTATIONS = YES;
				CLANG_WARN_DIRECT_OBJC_ISA_USAGE = YES_ERROR;
				CLANG_WARN_DOCUMENTATION_COMMENTS = YES;
				CLANG_WARN_EMPTY_BODY = YES;
				CLANG_WARN_ENUM_CONVERSION = YES;
				CLANG_WARN_INFINITE_RECURSION = YES;
				CLANG_WARN_INT_CONVERSION = YES;
				CLANG_WARN_NON_LITERAL_NULL_CONVERSION = YES;
				CLANG_WARN_OBJC_IMPLICIT_RETAIN_SELF = YES;
				CLANG_WARN_OBJC_LITERAL_CONVERSION = YES;
				CLANG_WARN_OBJC_ROOT_CLASS = YES_ERROR;
				CLANG_WARN_QUOTED_INCLUDE_IN_FRAMEWORK_HEADER = YES;
				CLANG_WARN_RANGE_LOOP_ANALYSIS = YES;
				CLANG_WARN_STRICT_PROTOTYPES = YES;
				CLANG_WARN_SUSPICIOUS_MOVE = YES;
				CLANG_WARN_UNGUARDED_AVAILABILITY = YES_AGGRESSIVE;
				CLANG_WARN_UNREACHABLE_CODE = YES;
				CLANG_WARN__DUPLICATE_METHOD_MATCH = YES;
				COPY_PHASE_STRIP = NO;
				DEBUG_INFORMATION_FORMAT = "dwarf-with-dsym";
				ENABLE_NS_ASSERTIONS = NO;
				ENABLE_STRICT_OBJC_MSGSEND = YES;
				GCC_C_LANGUAGE_STANDARD = gnu11;
				GCC_NO_COMMON_BLOCKS = YES;
				GCC_WARN_64_TO_32_BIT_CONVERSION = YES;
				GCC_WARN_ABOUT_RETURN_TYPE = YES_ERROR;
				GCC_WARN_UNDECLARED_SELECTOR = YES;
				GCC_WARN_UNINITIALIZED_AUTOS = YES_AGGRESSIVE;
				GCC_WARN_UNUSED_FUNCTION = YES;
				GCC_WARN_UNUSED_VARIABLE = YES;
				IPHONEOS_DEPLOYMENT_TARGET = 14.4;
				MTL_ENABLE_DEBUG_INFO = NO;
				MTL_FAST_MATH = YES;
				SDKROOT = iphoneos;
				SWIFT_COMPILATION_MODE = wholemodule;
				SWIFT_OPTIMIZATION_LEVEL = "-O";
				VALIDATE_PRODUCT = YES;
			};
			name = Release;
		};
		CB7C17A8261B9BED0024C93F /* Debug */ = {
			isa = XCBuildConfiguration;
			buildSettings = {
				ASSETCATALOG_COMPILER_APPICON_NAME = AppIcon;
				ASSETCATALOG_COMPILER_GLOBAL_ACCENT_COLOR_NAME = AccentColor;
				CODE_SIGN_STYLE = Automatic;
				DEVELOPMENT_TEAM = S5J5C8J99Z;
				INFOPLIST_FILE = Todo/Info.plist;
				LD_RUNPATH_SEARCH_PATHS = (
					"$(inherited)",
					"@executable_path/Frameworks",
				);
				PRODUCT_BUNDLE_IDENTIFIER = "com.charliebotello.todo-ios.Todo";
				PRODUCT_NAME = "$(TARGET_NAME)";
				SWIFT_VERSION = 5.0;
				TARGETED_DEVICE_FAMILY = "1,2";
			};
			name = Debug;
		};
		CB7C17A9261B9BED0024C93F /* Release */ = {
			isa = XCBuildConfiguration;
			buildSettings = {
				ASSETCATALOG_COMPILER_APPICON_NAME = AppIcon;
				ASSETCATALOG_COMPILER_GLOBAL_ACCENT_COLOR_NAME = AccentColor;
				CODE_SIGN_STYLE = Automatic;
				DEVELOPMENT_TEAM = S5J5C8J99Z;
				INFOPLIST_FILE = Todo/Info.plist;
				LD_RUNPATH_SEARCH_PATHS = (
					"$(inherited)",
					"@executable_path/Frameworks",
				);
				PRODUCT_BUNDLE_IDENTIFIER = "com.charliebotello.todo-ios.Todo";
				PRODUCT_NAME = "$(TARGET_NAME)";
				SWIFT_VERSION = 5.0;
				TARGETED_DEVICE_FAMILY = "1,2";
			};
			name = Release;
		};
/* End XCBuildConfiguration section */

/* Begin XCConfigurationList section */
		CB7C178E261B9BEC0024C93F /* Build configuration list for PBXProject "Todo" */ = {
			isa = XCConfigurationList;
			buildConfigurations = (
				CB7C17A5261B9BED0024C93F /* Debug */,
				CB7C17A6261B9BED0024C93F /* Release */,
			);
			defaultConfigurationIsVisible = 0;
			defaultConfigurationName = Release;
		};
		CB7C17A7261B9BED0024C93F /* Build configuration list for PBXNativeTarget "Todo" */ = {
			isa = XCConfigurationList;
			buildConfigurations = (
				CB7C17A8261B9BED0024C93F /* Debug */,
				CB7C17A9261B9BED0024C93F /* Release */,
			);
			defaultConfigurationIsVisible = 0;
			defaultConfigurationName = Release;
		};
/* End XCConfigurationList section */

/* Begin XCVersionGroup section */
		CB4DAF4C26211E8900452FFA /* DataModel.xcdatamodeld */ = {
			isa = XCVersionGroup;
			children = (
				CB4DAF4D26211E8900452FFA /* DataModel.xcdatamodel */,
			);
			currentVersion = CB4DAF4D26211E8900452FFA /* DataModel.xcdatamodel */;
			path = DataModel.xcdatamodeld;
			sourceTree = "<group>";
			versionGroupType = wrapper.xcdatamodel;
		};
/* End XCVersionGroup section */
	};
	rootObject = CB7C178B261B9BEC0024C93F /* Project object */;
}
